
Microsoft Visual Studio Solution File, Format Version 12.00
# Visual Studio Version 17
VisualStudioVersion = 17.3.32901.215
MinimumVisualStudioVersion = 10.0.40219.1
Project("{FAE04EC0-301F-11D3-BF4B-00C04F79EFBC}") = "film-arsivi", "film-arsivi\film-arsivi.csproj", "{A582606B-2A03-4DE0-BC2E-D16489BAF8A4}"
EndProject
Global
	GlobalSection(SolutionConfigurationPlatforms) = preSolution
		Debug|Any CPU = Debug|Any CPU
		Release|Any CPU = Release|Any CPU
	EndGlobalSection
	GlobalSection(ProjectConfigurationPlatforms) = postSolution
		{A582606B-2A03-4DE0-BC2E-D16489BAF8A4}.Debug|Any CPU.ActiveCfg = Debug|Any CPU
		{A582606B-2A03-4DE0-BC2E-D16489BAF8A4}.Debug|Any CPU.Build.0 = Debug|Any CPU
		{A582606B-2A03-4DE0-BC2E-D16489BAF8A4}.Release|Any CPU.ActiveCfg = Release|Any CPU
		{A582606B-2A03-4DE0-BC2E-D16489BAF8A4}.Release|Any CPU.Build.0 = Release|Any CPU
	EndGlobalSection
	GlobalSection(SolutionProperties) = preSolution
		HideSolutionNode = FALSE
	EndGlobalSection
	GlobalSection(ExtensibilityGlobals) = postSolution
		SolutionGuid = {8AE17F26-BBC8-4AAA-B603-0B2B93A2AD88}
	EndGlobalSection
EndGlobal
